
Microsoft Visual Studio Solution File, Format Version 12.00
# Visual Studio Version 16
VisualStudioVersion = 16.0.29728.190
MinimumVisualStudioVersion = 10.0.40219.1
Project("{9A19103F-16F7-4668-BE54-9A1E7A4F7556}") = "GameHost1", "GameHost1\GameHost1.csproj", "{8734F7C9-BF0B-45BB-A721-23D1B546285F}"
EndProject
Project("{9A19103F-16F7-4668-BE54-9A1E7A4F7556}") = "GameHost1.Tests", "GameHost1.Tests\GameHost1.Tests.csproj", "{169CAF18-EFE9-448B-B816-09BA26F799CF}"
EndProject
Project("{FAE04EC0-301F-11D3-BF4B-00C04F79EFBC}") = "GameHost1.Universes.Evance.Tests", "GameHost1.Universes.Evance.Tests\GameHost1.Universes.Evance.Tests.csproj", "{5EB0B38B-995B-4594-B4A2-F32B87F9757A}"
EndProject
Global
	GlobalSection(SolutionConfigurationPlatforms) = preSolution
		Debug|Any CPU = Debug|Any CPU
		Release|Any CPU = Release|Any CPU
	EndGlobalSection
	GlobalSection(ProjectConfigurationPlatforms) = postSolution
		{8734F7C9-BF0B-45BB-A721-23D1B546285F}.Debug|Any CPU.ActiveCfg = Debug|Any CPU
		{8734F7C9-BF0B-45BB-A721-23D1B546285F}.Debug|Any CPU.Build.0 = Debug|Any CPU
		{8734F7C9-BF0B-45BB-A721-23D1B546285F}.Release|Any CPU.ActiveCfg = Release|Any CPU
		{8734F7C9-BF0B-45BB-A721-23D1B546285F}.Release|Any CPU.Build.0 = Release|Any CPU
		{169CAF18-EFE9-448B-B816-09BA26F799CF}.Debug|Any CPU.ActiveCfg = Debug|Any CPU
		{169CAF18-EFE9-448B-B816-09BA26F799CF}.Debug|Any CPU.Build.0 = Debug|Any CPU
		{169CAF18-EFE9-448B-B816-09BA26F799CF}.Release|Any CPU.ActiveCfg = Release|Any CPU
		{169CAF18-EFE9-448B-B816-09BA26F799CF}.Release|Any CPU.Build.0 = Release|Any CPU
		{5EB0B38B-995B-4594-B4A2-F32B87F9757A}.Debug|Any CPU.ActiveCfg = Debug|Any CPU
		{5EB0B38B-995B-4594-B4A2-F32B87F9757A}.Debug|Any CPU.Build.0 = Debug|Any CPU
		{5EB0B38B-995B-4594-B4A2-F32B87F9757A}.Release|Any CPU.ActiveCfg = Release|Any CPU
		{5EB0B38B-995B-4594-B4A2-F32B87F9757A}.Release|Any CPU.Build.0 = Release|Any CPU
	EndGlobalSection
	GlobalSection(SolutionProperties) = preSolution
		HideSolutionNode = FALSE
	EndGlobalSection
	GlobalSection(ExtensibilityGlobals) = postSolution
		SolutionGuid = {25A026D0-ADEF-4ED0-AECB-30E9BCCF7977}
	EndGlobalSection
EndGlobal
